// !$*UTF8*$!
{
	archiveVersion = 1;
	classes = {
	};
	objectVersion = 50;
	objects = {

/* Begin PBXBuildFile section */
		E3AF46FD210A257400D4E640 /* PinkyPromise.framework in Frameworks */ = {isa = PBXBuildFile; fileRef = E3AF46FC210A257400D4E640 /* PinkyPromise.framework */; };
		E3AF46FE210A257F00D4E640 /* PinkyPromise.framework in CopyFiles */ = {isa = PBXBuildFile; fileRef = E3AF46FC210A257400D4E640 /* PinkyPromise.framework */; settings = {ATTRIBUTES = (CodeSignOnCopy, RemoveHeadersOnCopy, ); }; };
		E3AF4706210A25C300D4E640 /* API.swift in Sources */ = {isa = PBXBuildFile; fileRef = E3AF4705210A25C300D4E640 /* API.swift */; };
		E3AF470A210A25EA00D4E640 /* PinkyPromise.framework in Frameworks */ = {isa = PBXBuildFile; fileRef = E3AF46FC210A257400D4E640 /* PinkyPromise.framework */; };
		E3AF470C210A261F00D4E640 /* APIRequest.swift in Sources */ = {isa = PBXBuildFile; fileRef = E3AF470B210A261F00D4E640 /* APIRequest.swift */; };
		E3AF470E210A262E00D4E640 /* APIResponse.swift in Sources */ = {isa = PBXBuildFile; fileRef = E3AF470D210A262E00D4E640 /* APIResponse.swift */; };
		E3AF4710210A279500D4E640 /* APIError.swift in Sources */ = {isa = PBXBuildFile; fileRef = E3AF470F210A279500D4E640 /* APIError.swift */; };
		E3AF4713210A395D00D4E640 /* URLSession+Promise.swift in Sources */ = {isa = PBXBuildFile; fileRef = E3AF4712210A395D00D4E640 /* URLSession+Promise.swift */; };
		E3C58CC92108E63600A9414C /* AppDelegate.swift in Sources */ = {isa = PBXBuildFile; fileRef = E3C58CC82108E63600A9414C /* AppDelegate.swift */; };
		E3C58CCE2108E63600A9414C /* Main.storyboard in Resources */ = {isa = PBXBuildFile; fileRef = E3C58CCC2108E63600A9414C /* Main.storyboard */; };
		E3C58CD02108E63700A9414C /* Assets.xcassets in Resources */ = {isa = PBXBuildFile; fileRef = E3C58CCF2108E63700A9414C /* Assets.xcassets */; };
		E3C58CD32108E63700A9414C /* LaunchScreen.storyboard in Resources */ = {isa = PBXBuildFile; fileRef = E3C58CD12108E63700A9414C /* LaunchScreen.storyboard */; };
/* End PBXBuildFile section */

/* Begin PBXCopyFilesBuildPhase section */
		E3AF46F9210A250D00D4E640 /* CopyFiles */ = {
			isa = PBXCopyFilesBuildPhase;
			buildActionMask = 2147483647;
			dstPath = "";
			dstSubfolderSpec = 10;
			files = (
				E3AF46FE210A257F00D4E640 /* PinkyPromise.framework in CopyFiles */,
			);
			runOnlyForDeploymentPostprocessing = 0;
		};
		E3AF4701210A25C300D4E640 /* CopyFiles */ = {
			isa = PBXCopyFilesBuildPhase;
			buildActionMask = 2147483647;
			dstPath = "include/$(PRODUCT_NAME)";
			dstSubfolderSpec = 16;
			files = (
			);
			runOnlyForDeploymentPostprocessing = 0;
		};
/* End PBXCopyFilesBuildPhase section */

/* Begin PBXFileReference section */
		E3AF46FC210A257400D4E640 /* PinkyPromise.framework */ = {isa = PBXFileReference; lastKnownFileType = wrapper.framework; name = PinkyPromise.framework; path = Carthage/Build/iOS/PinkyPromise.framework; sourceTree = "<group>"; };
		E3AF4703210A25C300D4E640 /* libAPI.a */ = {isa = PBXFileReference; explicitFileType = archive.ar; includeInIndex = 0; path = libAPI.a; sourceTree = BUILT_PRODUCTS_DIR; };
		E3AF4705210A25C300D4E640 /* API.swift */ = {isa = PBXFileReference; lastKnownFileType = sourcecode.swift; path = API.swift; sourceTree = "<group>"; };
		E3AF470B210A261F00D4E640 /* APIRequest.swift */ = {isa = PBXFileReference; lastKnownFileType = sourcecode.swift; path = APIRequest.swift; sourceTree = "<group>"; };
		E3AF470D210A262E00D4E640 /* APIResponse.swift */ = {isa = PBXFileReference; lastKnownFileType = sourcecode.swift; path = APIResponse.swift; sourceTree = "<group>"; };
		E3AF470F210A279500D4E640 /* APIError.swift */ = {isa = PBXFileReference; lastKnownFileType = sourcecode.swift; path = APIError.swift; sourceTree = "<group>"; };
		E3AF4712210A395D00D4E640 /* URLSession+Promise.swift */ = {isa = PBXFileReference; lastKnownFileType = sourcecode.swift; path = "URLSession+Promise.swift"; sourceTree = "<group>"; };
		E3C58CC52108E63600A9414C /* RegularReddit.app */ = {isa = PBXFileReference; explicitFileType = wrapper.application; includeInIndex = 0; path = RegularReddit.app; sourceTree = BUILT_PRODUCTS_DIR; };
		E3C58CC82108E63600A9414C /* AppDelegate.swift */ = {isa = PBXFileReference; lastKnownFileType = sourcecode.swift; path = AppDelegate.swift; sourceTree = "<group>"; };
		E3C58CCD2108E63600A9414C /* Base */ = {isa = PBXFileReference; lastKnownFileType = file.storyboard; name = Base; path = Base.lproj/Main.storyboard; sourceTree = "<group>"; };
		E3C58CCF2108E63700A9414C /* Assets.xcassets */ = {isa = PBXFileReference; lastKnownFileType = folder.assetcatalog; path = Assets.xcassets; sourceTree = "<group>"; };
		E3C58CD22108E63700A9414C /* Base */ = {isa = PBXFileReference; lastKnownFileType = file.storyboard; name = Base; path = Base.lproj/LaunchScreen.storyboard; sourceTree = "<group>"; };
		E3C58CD42108E63700A9414C /* Info.plist */ = {isa = PBXFileReference; lastKnownFileType = text.plist.xml; path = Info.plist; sourceTree = "<group>"; };
/* End PBXFileReference section */

/* Begin PBXFrameworksBuildPhase section */
		E3AF4700210A25C300D4E640 /* Frameworks */ = {
			isa = PBXFrameworksBuildPhase;
			buildActionMask = 2147483647;
			files = (
				E3AF470A210A25EA00D4E640 /* PinkyPromise.framework in Frameworks */,
			);
			runOnlyForDeploymentPostprocessing = 0;
		};
		E3C58CC22108E63600A9414C /* Frameworks */ = {
			isa = PBXFrameworksBuildPhase;
			buildActionMask = 2147483647;
			files = (
				E3AF46FD210A257400D4E640 /* PinkyPromise.framework in Frameworks */,
			);
			runOnlyForDeploymentPostprocessing = 0;
		};
/* End PBXFrameworksBuildPhase section */

/* Begin PBXGroup section */
		E3AF46F6210A245F00D4E640 /* Frameworks */ = {
			isa = PBXGroup;
			children = (
				E3AF46FC210A257400D4E640 /* PinkyPromise.framework */,
			);
			name = Frameworks;
			sourceTree = "<group>";
		};
		E3AF4704210A25C300D4E640 /* API */ = {
			isa = PBXGroup;
			children = (
				E3AF4705210A25C300D4E640 /* API.swift */,
				E3AF470B210A261F00D4E640 /* APIRequest.swift */,
				E3AF470D210A262E00D4E640 /* APIResponse.swift */,
				E3AF470F210A279500D4E640 /* APIError.swift */,
				E3AF4712210A395D00D4E640 /* URLSession+Promise.swift */,
			);
			path = API;
			sourceTree = "<group>";
		};
		E3C58CBC2108E63600A9414C = {
			isa = PBXGroup;
			children = (
				E3C58CC72108E63600A9414C /* RegularReddit */,
				E3AF4704210A25C300D4E640 /* API */,
				E3C58CC62108E63600A9414C /* Products */,
				E3AF46F6210A245F00D4E640 /* Frameworks */,
			);
			sourceTree = "<group>";
		};
		E3C58CC62108E63600A9414C /* Products */ = {
			isa = PBXGroup;
			children = (
				E3C58CC52108E63600A9414C /* RegularReddit.app */,
				E3AF4703210A25C300D4E640 /* libAPI.a */,
			);
			name = Products;
			sourceTree = "<group>";
		};
		E3C58CC72108E63600A9414C /* RegularReddit */ = {
			isa = PBXGroup;
			children = (
				E3C58CC82108E63600A9414C /* AppDelegate.swift */,
				E3C58CCC2108E63600A9414C /* Main.storyboard */,
				E3C58CCF2108E63700A9414C /* Assets.xcassets */,
				E3C58CD12108E63700A9414C /* LaunchScreen.storyboard */,
				E3C58CD42108E63700A9414C /* Info.plist */,
			);
			path = RegularReddit;
			sourceTree = "<group>";
		};
/* End PBXGroup section */

/* Begin PBXNativeTarget section */
		E3AF4702210A25C300D4E640 /* API */ = {
			isa = PBXNativeTarget;
			buildConfigurationList = E3AF4707210A25C300D4E640 /* Build configuration list for PBXNativeTarget "API" */;
			buildPhases = (
				E3AF46FF210A25C300D4E640 /* Sources */,
				E3AF4700210A25C300D4E640 /* Frameworks */,
				E3AF4701210A25C300D4E640 /* CopyFiles */,
			);
			buildRules = (
			);
			dependencies = (
			);
			name = API;
			productName = API;
			productReference = E3AF4703210A25C300D4E640 /* libAPI.a */;
			productType = "com.apple.product-type.library.static";
		};
		E3C58CC42108E63600A9414C /* RegularReddit */ = {
			isa = PBXNativeTarget;
			buildConfigurationList = E3C58CD72108E63700A9414C /* Build configuration list for PBXNativeTarget "RegularReddit" */;
			buildPhases = (
				E3C58CC12108E63600A9414C /* Sources */,
				E3C58CC22108E63600A9414C /* Frameworks */,
				E3C58CC32108E63600A9414C /* Resources */,
				E3AF46F9210A250D00D4E640 /* CopyFiles */,
			);
			buildRules = (
			);
			dependencies = (
			);
			name = RegularReddit;
			productName = RegularReddit;
			productReference = E3C58CC52108E63600A9414C /* RegularReddit.app */;
			productType = "com.apple.product-type.application";
		};
/* End PBXNativeTarget section */

/* Begin PBXProject section */
		E3C58CBD2108E63600A9414C /* Project object */ = {
			isa = PBXProject;
			attributes = {
				LastSwiftUpdateCheck = 0940;
				LastUpgradeCheck = 0940;
				ORGANIZATIONNAME = "Luke Tomlinson";
				TargetAttributes = {
					E3AF4702210A25C300D4E640 = {
						CreatedOnToolsVersion = 9.4.1;
					};
					E3C58CC42108E63600A9414C = {
						CreatedOnToolsVersion = 9.4.1;
					};
				};
			};
			buildConfigurationList = E3C58CC02108E63600A9414C /* Build configuration list for PBXProject "RegularReddit" */;
			compatibilityVersion = "Xcode 9.3";
			developmentRegion = en;
			hasScannedForEncodings = 0;
			knownRegions = (
				en,
				Base,
			);
			mainGroup = E3C58CBC2108E63600A9414C;
			productRefGroup = E3C58CC62108E63600A9414C /* Products */;
			projectDirPath = "";
			projectRoot = "";
			targets = (
				E3C58CC42108E63600A9414C /* RegularReddit */,
				E3AF4702210A25C300D4E640 /* API */,
			);
		};
/* End PBXProject section */

/* Begin PBXResourcesBuildPhase section */
		E3C58CC32108E63600A9414C /* Resources */ = {
			isa = PBXResourcesBuildPhase;
			buildActionMask = 2147483647;
			files = (
				E3C58CD32108E63700A9414C /* LaunchScreen.storyboard in Resources */,
				E3C58CD02108E63700A9414C /* Assets.xcassets in Resources */,
				E3C58CCE2108E63600A9414C /* Main.storyboard in Resources */,
			);
			runOnlyForDeploymentPostprocessing = 0;
		};
/* End PBXResourcesBuildPhase section */

/* Begin PBXSourcesBuildPhase section */
		E3AF46FF210A25C300D4E640 /* Sources */ = {
			isa = PBXSourcesBuildPhase;
			buildActionMask = 2147483647;
			files = (
				E3AF470C210A261F00D4E640 /* APIRequest.swift in Sources */,
				E3AF4710210A279500D4E640 /* APIError.swift in Sources */,
				E3AF4706210A25C300D4E640 /* API.swift in Sources */,
				E3AF470E210A262E00D4E640 /* APIResponse.swift in Sources */,
				E3AF4713210A395D00D4E640 /* URLSession+Promise.swift in Sources */,
			);
			runOnlyForDeploymentPostprocessing = 0;
		};
		E3C58CC12108E63600A9414C /* Sources */ = {
			isa = PBXSourcesBuildPhase;
			buildActionMask = 2147483647;
			files = (
				E3C58CC92108E63600A9414C /* AppDelegate.swift in Sources */,
			);
			runOnlyForDeploymentPostprocessing = 0;
		};
/* End PBXSourcesBuildPhase section */

/* Begin PBXVariantGroup section */
		E3C58CCC2108E63600A9414C /* Main.storyboard */ = {
			isa = PBXVariantGroup;
			children = (
				E3C58CCD2108E63600A9414C /* Base */,
			);
			name = Main.storyboard;
			sourceTree = "<group>";
		};
		E3C58CD12108E63700A9414C /* LaunchScreen.storyboard */ = {
			isa = PBXVariantGroup;
			children = (
				E3C58CD22108E63700A9414C /* Base */,
			);
			name = LaunchScreen.storyboard;
			sourceTree = "<group>";
		};
/* End PBXVariantGroup section */

/* Begin XCBuildConfiguration section */
		E3AF4708210A25C300D4E640 /* Debug */ = {
			isa = XCBuildConfiguration;
			buildSettings = {
				CODE_SIGN_STYLE = Automatic;
				DEVELOPMENT_TEAM = 7UMFPW78PV;
				FRAMEWORK_SEARCH_PATHS = (
					"$(inherited)",
					"$(PROJECT_DIR)/Carthage/Build/iOS",
				);
				OTHER_LDFLAGS = "-ObjC";
				PRODUCT_NAME = "$(TARGET_NAME)";
				SKIP_INSTALL = YES;
				SWIFT_VERSION = 4.0;
				TARGETED_DEVICE_FAMILY = "1,2";
			};
			name = Debug;
		};
		E3AF4709210A25C300D4E640 /* Release */ = {
			isa = XCBuildConfiguration;
			buildSettings = {
				CODE_SIGN_STYLE = Automatic;
				DEVELOPMENT_TEAM = 7UMFPW78PV;
				FRAMEWORK_SEARCH_PATHS = (
					"$(inherited)",
					"$(PROJECT_DIR)/Carthage/Build/iOS",
				);
				OTHER_LDFLAGS = "-ObjC";
				PRODUCT_NAME = "$(TARGET_NAME)";
				SKIP_INSTALL = YES;
				SWIFT_VERSION = 4.0;
				TARGETED_DEVICE_FAMILY = "1,2";
			};
			name = Release;
		};
		E3C58CD52108E63700A9414C /* Debug */ = {
			isa = XCBuildConfiguration;
			buildSettings = {
				ALWAYS_SEARCH_USER_PATHS = NO;
				CLANG_ANALYZER_NONNULL = YES;
				CLANG_ANALYZER_NUMBER_OBJECT_CONVERSION = YES_AGGRESSIVE;
				CLANG_CXX_LANGUAGE_STANDARD = "gnu++14";
				CLANG_CXX_LIBRARY = "libc++";
				CLANG_ENABLE_MODULES = YES;
				CLANG_ENABLE_OBJC_ARC = YES;
				CLANG_ENABLE_OBJC_WEAK = YES;
				CLANG_WARN_BLOCK_CAPTURE_AUTORELEASING = YES;
				CLANG_WARN_BOOL_CONVERSION = YES;
				CLANG_WARN_COMMA = YES;
				CLANG_WARN_CONSTANT_CONVERSION = YES;
				CLANG_WARN_DEPRECATED_OBJC_IMPLEMENTATIONS = YES;
				CLANG_WARN_DIRECT_OBJC_ISA_USAGE = YES_ERROR;
				CLANG_WARN_DOCUMENTATION_COMMENTS = YES;
				CLANG_WARN_EMPTY_BODY = YES;
				CLANG_WARN_ENUM_CONVERSION = YES;
				CLANG_WARN_INFINITE_RECURSION = YES;
				CLANG_WARN_INT_CONVERSION = YES;
				CLANG_WARN_NON_LITERAL_NULL_CONVERSION = YES;
				CLANG_WARN_OBJC_IMPLICIT_RETAIN_SELF = YES;
				CLANG_WARN_OBJC_LITERAL_CONVERSION = YES;
				CLANG_WARN_OBJC_ROOT_CLASS = YES_ERROR;
				CLANG_WARN_RANGE_LOOP_ANALYSIS = YES;
				CLANG_WARN_STRICT_PROTOTYPES = YES;
				CLANG_WARN_SUSPICIOUS_MOVE = YES;
				CLANG_WARN_UNGUARDED_AVAILABILITY = YES_AGGRESSIVE;
				CLANG_WARN_UNREACHABLE_CODE = YES;
				CLANG_WARN__DUPLICATE_METHOD_MATCH = YES;
				CODE_SIGN_IDENTITY = "iPhone Developer";
				COPY_PHASE_STRIP = NO;
				DEBUG_INFORMATION_FORMAT = dwarf;
				ENABLE_STRICT_OBJC_MSGSEND = YES;
				ENABLE_TESTABILITY = YES;
				GCC_C_LANGUAGE_STANDARD = gnu11;
				GCC_DYNAMIC_NO_PIC = NO;
				GCC_NO_COMMON_BLOCKS = YES;
				GCC_OPTIMIZATION_LEVEL = 0;
				GCC_PREPROCESSOR_DEFINITIONS = (
					"DEBUG=1",
					"$(inherited)",
				);
				GCC_WARN_64_TO_32_BIT_CONVERSION = YES;
				GCC_WARN_ABOUT_RETURN_TYPE = YES_ERROR;
				GCC_WARN_UNDECLARED_SELECTOR = YES;
				GCC_WARN_UNINITIALIZED_AUTOS = YES_AGGRESSIVE;
				GCC_WARN_UNUSED_FUNCTION = YES;
				GCC_WARN_UNUSED_VARIABLE = YES;
				IPHONEOS_DEPLOYMENT_TARGET = 11.4;
				MTL_ENABLE_DEBUG_INFO = YES;
				ONLY_ACTIVE_ARCH = YES;
				SDKROOT = iphoneos;
				SWIFT_ACTIVE_COMPILATION_CONDITIONS = DEBUG;
				SWIFT_OPTIMIZATION_LEVEL = "-Onone";
			};
			name = Debug;
		};
		E3C58CD62108E63700A9414C /* Release */ = {
			isa = XCBuildConfiguration;
			buildSettings = {
				ALWAYS_SEARCH_USER_PATHS = NO;
				CLANG_ANALYZER_NONNULL = YES;
				CLANG_ANALYZER_NUMBER_OBJECT_CONVERSION = YES_AGGRESSIVE;
				CLANG_CXX_LANGUAGE_STANDARD = "gnu++14";
				CLANG_CXX_LIBRARY = "libc++";
				CLANG_ENABLE_MODULES = YES;
				CLANG_ENABLE_OBJC_ARC = YES;
				CLANG_ENABLE_OBJC_WEAK = YES;
				CLANG_WARN_BLOCK_CAPTURE_AUTORELEASING = YES;
				CLANG_WARN_BOOL_CONVERSION = YES;
				CLANG_WARN_COMMA = YES;
				CLANG_WARN_CONSTANT_CONVERSION = YES;
				CLANG_WARN_DEPRECATED_OBJC_IMPLEMENTATIONS = YES;
				CLANG_WARN_DIRECT_OBJC_ISA_USAGE = YES_ERROR;
				CLANG_WARN_DOCUMENTATION_COMMENTS = YES;
				CLANG_WARN_EMPTY_BODY = YES;
				CLANG_WARN_ENUM_CONVERSION = YES;
				CLANG_WARN_INFINITE_RECURSION = YES;
				CLANG_WARN_INT_CONVERSION = YES;
				CLANG_WARN_NON_LITERAL_NULL_CONVERSION = YES;
				CLANG_WARN_OBJC_IMPLICIT_RETAIN_SELF = YES;
				CLANG_WARN_OBJC_LITERAL_CONVERSION = YES;
				CLANG_WARN_OBJC_ROOT_CLASS = YES_ERROR;
				CLANG_WARN_RANGE_LOOP_ANALYSIS = YES;
				CLANG_WARN_STRICT_PROTOTYPES = YES;
				CLANG_WARN_SUSPICIOUS_MOVE = YES;
				CLANG_WARN_UNGUARDED_AVAILABILITY = YES_AGGRESSIVE;
				CLANG_WARN_UNREACHABLE_CODE = YES;
				CLANG_WARN__DUPLICATE_METHOD_MATCH = YES;
				CODE_SIGN_IDENTITY = "iPhone Developer";
				COPY_PHASE_STRIP = NO;
				DEBUG_INFORMATION_FORMAT = "dwarf-with-dsym";
				ENABLE_NS_ASSERTIONS = NO;
				ENABLE_STRICT_OBJC_MSGSEND = YES;
				GCC_C_LANGUAGE_STANDARD = gnu11;
				GCC_NO_COMMON_BLOCKS = YES;
				GCC_WARN_64_TO_32_BIT_CONVERSION = YES;
				GCC_WARN_ABOUT_RETURN_TYPE = YES_ERROR;
				GCC_WARN_UNDECLARED_SELECTOR = YES;
				GCC_WARN_UNINITIALIZED_AUTOS = YES_AGGRESSIVE;
				GCC_WARN_UNUSED_FUNCTION = YES;
				GCC_WARN_UNUSED_VARIABLE = YES;
				IPHONEOS_DEPLOYMENT_TARGET = 11.4;
				MTL_ENABLE_DEBUG_INFO = NO;
				SDKROOT = iphoneos;
				SWIFT_COMPILATION_MODE = wholemodule;
				SWIFT_OPTIMIZATION_LEVEL = "-O";
				VALIDATE_PRODUCT = YES;
			};
			name = Release;
		};
		E3C58CD82108E63700A9414C /* Debug */ = {
			isa = XCBuildConfiguration;
			buildSettings = {
				ASSETCATALOG_COMPILER_APPICON_NAME = AppIcon;
				CODE_SIGN_STYLE = Automatic;
				DEVELOPMENT_TEAM = 7UMFPW78PV;
				FRAMEWORK_SEARCH_PATHS = (
					"$(SOURCE_ROOT)/Carthage/Build/iOS",
					"$(PROJECT_DIR)/Carthage/Build/iOS",
				);
				INFOPLIST_FILE = RegularReddit/Info.plist;
				LD_RUNPATH_SEARCH_PATHS = (
					"$(inherited)",
					"@executable_path/Frameworks",
				);
				PRODUCT_BUNDLE_IDENTIFIER = com.demo.RegularReddit;
				PRODUCT_NAME = "$(TARGET_NAME)";
				SWIFT_VERSION = 4.0;
				TARGETED_DEVICE_FAMILY = "1,2";
			};
			name = Debug;
		};
		E3C58CD92108E63700A9414C /* Release */ = {
			isa = XCBuildConfiguration;
			buildSettings = {
				ASSETCATALOG_COMPILER_APPICON_NAME = AppIcon;
				CODE_SIGN_STYLE = Automatic;
				DEVELOPMENT_TEAM = 7UMFPW78PV;
				FRAMEWORK_SEARCH_PATHS = (
					"$(SOURCE_ROOT)/Carthage/Build/iOS",
					"$(PROJECT_DIR)/Carthage/Build/iOS",
				);
				INFOPLIST_FILE = RegularReddit/Info.plist;
				LD_RUNPATH_SEARCH_PATHS = (
					"$(inherited)",
					"@executable_path/Frameworks",
				);
				PRODUCT_BUNDLE_IDENTIFIER = com.demo.RegularReddit;
				PRODUCT_NAME = "$(TARGET_NAME)";
				SWIFT_VERSION = 4.0;
				TARGETED_DEVICE_FAMILY = "1,2";
			};
			name = Release;
		};
/* End XCBuildConfiguration section */

/* Begin XCConfigurationList section */
		E3AF4707210A25C300D4E640 /* Build configuration list for PBXNativeTarget "API" */ = {
			isa = XCConfigurationList;
			buildConfigurations = (
				E3AF4708210A25C300D4E640 /* Debug */,
				E3AF4709210A25C300D4E640 /* Release */,
			);
			defaultConfigurationIsVisible = 0;
			defaultConfigurationName = Release;
		};
		E3C58CC02108E63600A9414C /* Build configuration list for PBXProject "RegularReddit" */ = {
			isa = XCConfigurationList;
			buildConfigurations = (
				E3C58CD52108E63700A9414C /* Debug */,
				E3C58CD62108E63700A9414C /* Release */,
			);
			defaultConfigurationIsVisible = 0;
			defaultConfigurationName = Release;
		};
		E3C58CD72108E63700A9414C /* Build configuration list for PBXNativeTarget "RegularReddit" */ = {
			isa = XCConfigurationList;
			buildConfigurations = (
				E3C58CD82108E63700A9414C /* Debug */,
				E3C58CD92108E63700A9414C /* Release */,
			);
			defaultConfigurationIsVisible = 0;
			defaultConfigurationName = Release;
		};
/* End XCConfigurationList section */
	};
	rootObject = E3C58CBD2108E63600A9414C /* Project object */;
}
